
Microsoft Visual Studio Solution File, Format Version 12.00
# Visual Studio Version 17
VisualStudioVersion = 17.12.35527.113
MinimumVisualStudioVersion = 10.0.40219.1
Project("{FAE04EC0-301F-11D3-BF4B-00C04F79EFBC}") = "PRN222.Lab2.Repositories", "PRN222.Lab2.Repositories\PRN222.Lab2.Repositories.csproj", "{BAA63D65-E769-4259-9213-C8CEEC707725}"
EndProject
Project("{FAE04EC0-301F-11D3-BF4B-00C04F79EFBC}") = "PRN222.Lab2.Services", "PRN222.Lab2.Services\PRN222.Lab2.Services.csproj", "{49079AEC-AF75-4B7F-B79D-6177273AD48D}"
EndProject
Project("{FAE04EC0-301F-11D3-BF4B-00C04F79EFBC}") = "PRN222.Lab2.MVC", "PRN222.Lab2.MVC\PRN222.Lab2.MVC.csproj", "{002B3619-C278-4380-B88F-E34AA0722CC5}"
EndProject
Global
	GlobalSection(SolutionConfigurationPlatforms) = preSolution
		Debug|Any CPU = Debug|Any CPU
		Release|Any CPU = Release|Any CPU
	EndGlobalSection
	GlobalSection(ProjectConfigurationPlatforms) = postSolution
		{BAA63D65-E769-4259-9213-C8CEEC707725}.Debug|Any CPU.ActiveCfg = Debug|Any CPU
		{BAA63D65-E769-4259-9213-C8CEEC707725}.Debug|Any CPU.Build.0 = Debug|Any CPU
		{BAA63D65-E769-4259-9213-C8CEEC707725}.Release|Any CPU.ActiveCfg = Release|Any CPU
		{BAA63D65-E769-4259-9213-C8CEEC707725}.Release|Any CPU.Build.0 = Release|Any CPU
		{49079AEC-AF75-4B7F-B79D-6177273AD48D}.Debug|Any CPU.ActiveCfg = Debug|Any CPU
		{49079AEC-AF75-4B7F-B79D-6177273AD48D}.Debug|Any CPU.Build.0 = Debug|Any CPU
		{49079AEC-AF75-4B7F-B79D-6177273AD48D}.Release|Any CPU.ActiveCfg = Release|Any CPU
		{49079AEC-AF75-4B7F-B79D-6177273AD48D}.Release|Any CPU.Build.0 = Release|Any CPU
		{002B3619-C278-4380-B88F-E34AA0722CC5}.Debug|Any CPU.ActiveCfg = Debug|Any CPU
		{002B3619-C278-4380-B88F-E34AA0722CC5}.Debug|Any CPU.Build.0 = Debug|Any CPU
		{002B3619-C278-4380-B88F-E34AA0722CC5}.Release|Any CPU.ActiveCfg = Release|Any CPU
		{002B3619-C278-4380-B88F-E34AA0722CC5}.Release|Any CPU.Build.0 = Release|Any CPU
	EndGlobalSection
	GlobalSection(SolutionProperties) = preSolution
		HideSolutionNode = FALSE
	EndGlobalSection
EndGlobal
